// !$*UTF8*$!
{
	archiveVersion = 1;
	classes = {
	};
	objectVersion = 46;
	objects = {

/* Begin PBXBuildFile section */
		B82956671E331078006F2117 /* AppDelegate.swift in Sources */ = {isa = PBXBuildFile; fileRef = B82956661E331078006F2117 /* AppDelegate.swift */; };
		B829566C1E331078006F2117 /* Main.storyboard in Resources */ = {isa = PBXBuildFile; fileRef = B829566A1E331078006F2117 /* Main.storyboard */; };
		B829566E1E331078006F2117 /* Assets.xcassets in Resources */ = {isa = PBXBuildFile; fileRef = B829566D1E331078006F2117 /* Assets.xcassets */; };
		B82956711E331078006F2117 /* LaunchScreen.storyboard in Resources */ = {isa = PBXBuildFile; fileRef = B829566F1E331078006F2117 /* LaunchScreen.storyboard */; };
		B82956821E3310DA006F2117 /* ResearchKit.framework in Frameworks */ = {isa = PBXBuildFile; fileRef = B829567F1E3310A9006F2117 /* ResearchKit.framework */; };
		B829568F1E33FD4B006F2117 /* AAAwareBaseViewController.swift in Sources */ = {isa = PBXBuildFile; fileRef = B829568B1E33FD4B006F2117 /* AAAwareBaseViewController.swift */; };
		B82956901E33FD4B006F2117 /* AASchoolingTaskViewController.swift in Sources */ = {isa = PBXBuildFile; fileRef = B829568C1E33FD4B006F2117 /* AASchoolingTaskViewController.swift */; };
		B82956911E33FD4B006F2117 /* AAStressfulLifeExperiencesViewController.swift in Sources */ = {isa = PBXBuildFile; fileRef = B829568D1E33FD4B006F2117 /* AAStressfulLifeExperiencesViewController.swift */; };
		B82956921E33FD4B006F2117 /* AAYourBackgroundTaskViewController.swift in Sources */ = {isa = PBXBuildFile; fileRef = B829568E1E33FD4B006F2117 /* AAYourBackgroundTaskViewController.swift */; };
/* End PBXBuildFile section */

/* Begin PBXContainerItemProxy section */
		B829567E1E3310A9006F2117 /* PBXContainerItemProxy */ = {
			isa = PBXContainerItemProxy;
			containerPortal = B82956781E3310A8006F2117 /* ResearchKit.xcodeproj */;
			proxyType = 2;
			remoteGlobalIDString = B183A5951A8535D100C76870;
			remoteInfo = ResearchKit;
		};
		B82956801E3310A9006F2117 /* PBXContainerItemProxy */ = {
			isa = PBXContainerItemProxy;
			containerPortal = B82956781E3310A8006F2117 /* ResearchKit.xcodeproj */;
			proxyType = 2;
			remoteGlobalIDString = 86CC8E9A1AC09332001CCD89;
			remoteInfo = ResearchKitTests;
		};
/* End PBXContainerItemProxy section */

/* Begin PBXFileReference section */
		B82956631E331078006F2117 /* RKPrototyping.app */ = {isa = PBXFileReference; explicitFileType = wrapper.application; includeInIndex = 0; path = RKPrototyping.app; sourceTree = BUILT_PRODUCTS_DIR; };
		B82956661E331078006F2117 /* AppDelegate.swift */ = {isa = PBXFileReference; lastKnownFileType = sourcecode.swift; path = AppDelegate.swift; sourceTree = "<group>"; };
		B829566B1E331078006F2117 /* Base */ = {isa = PBXFileReference; lastKnownFileType = file.storyboard; name = Base; path = Base.lproj/Main.storyboard; sourceTree = "<group>"; };
		B829566D1E331078006F2117 /* Assets.xcassets */ = {isa = PBXFileReference; lastKnownFileType = folder.assetcatalog; path = Assets.xcassets; sourceTree = "<group>"; };
		B82956701E331078006F2117 /* Base */ = {isa = PBXFileReference; lastKnownFileType = file.storyboard; name = Base; path = Base.lproj/LaunchScreen.storyboard; sourceTree = "<group>"; };
		B82956721E331078006F2117 /* Info.plist */ = {isa = PBXFileReference; lastKnownFileType = text.plist.xml; path = Info.plist; sourceTree = "<group>"; };
		B82956781E3310A8006F2117 /* ResearchKit.xcodeproj */ = {isa = PBXFileReference; lastKnownFileType = "wrapper.pb-project"; name = ResearchKit.xcodeproj; path = ResearchKit/ResearchKit.xcodeproj; sourceTree = "<group>"; };
		B829568B1E33FD4B006F2117 /* AAAwareBaseViewController.swift */ = {isa = PBXFileReference; fileEncoding = 4; lastKnownFileType = sourcecode.swift; name = AAAwareBaseViewController.swift; path = Tasks/AAAwareBaseViewController.swift; sourceTree = "<group>"; };
		B829568C1E33FD4B006F2117 /* AASchoolingTaskViewController.swift */ = {isa = PBXFileReference; fileEncoding = 4; lastKnownFileType = sourcecode.swift; name = AASchoolingTaskViewController.swift; path = Tasks/AASchoolingTaskViewController.swift; sourceTree = "<group>"; };
		B829568D1E33FD4B006F2117 /* AAStressfulLifeExperiencesViewController.swift */ = {isa = PBXFileReference; fileEncoding = 4; lastKnownFileType = sourcecode.swift; name = AAStressfulLifeExperiencesViewController.swift; path = Tasks/AAStressfulLifeExperiencesViewController.swift; sourceTree = "<group>"; };
		B829568E1E33FD4B006F2117 /* AAYourBackgroundTaskViewController.swift */ = {isa = PBXFileReference; fileEncoding = 4; lastKnownFileType = sourcecode.swift; name = AAYourBackgroundTaskViewController.swift; path = Tasks/AAYourBackgroundTaskViewController.swift; sourceTree = "<group>"; };
/* End PBXFileReference section */

/* Begin PBXFrameworksBuildPhase section */
		B82956601E331078006F2117 /* Frameworks */ = {
			isa = PBXFrameworksBuildPhase;
			buildActionMask = 2147483647;
			files = (
				B82956821E3310DA006F2117 /* ResearchKit.framework in Frameworks */,
			);
			runOnlyForDeploymentPostprocessing = 0;
		};
/* End PBXFrameworksBuildPhase section */

/* Begin PBXGroup section */
		B829565A1E331078006F2117 = {
			isa = PBXGroup;
			children = (
				B82956781E3310A8006F2117 /* ResearchKit.xcodeproj */,
				B82956651E331078006F2117 /* RKPrototyping */,
				B82956641E331078006F2117 /* Products */,
			);
			sourceTree = "<group>";
		};
		B82956641E331078006F2117 /* Products */ = {
			isa = PBXGroup;
			children = (
				B82956631E331078006F2117 /* RKPrototyping.app */,
			);
			name = Products;
			sourceTree = "<group>";
		};
		B82956651E331078006F2117 /* RKPrototyping */ = {
			isa = PBXGroup;
			children = (
				B82956661E331078006F2117 /* AppDelegate.swift */,
				B82956941E33FDC5006F2117 /* Resources */,
				B82956931E33FDA2006F2117 /* User Interfaces */,
				B829568A1E33FD42006F2117 /* Tasks */,
			);
			path = RKPrototyping;
			sourceTree = "<group>";
		};
		B82956791E3310A8006F2117 /* Products */ = {
			isa = PBXGroup;
			children = (
				B829567F1E3310A9006F2117 /* ResearchKit.framework */,
				B82956811E3310A9006F2117 /* ResearchKitTests.xctest */,
			);
			name = Products;
			sourceTree = "<group>";
		};
		B829568A1E33FD42006F2117 /* Tasks */ = {
			isa = PBXGroup;
			children = (
				B829568B1E33FD4B006F2117 /* AAAwareBaseViewController.swift */,
				B829568C1E33FD4B006F2117 /* AASchoolingTaskViewController.swift */,
				B829568D1E33FD4B006F2117 /* AAStressfulLifeExperiencesViewController.swift */,
				B829568E1E33FD4B006F2117 /* AAYourBackgroundTaskViewController.swift */,
			);
			name = Tasks;
			sourceTree = "<group>";
		};
		B82956931E33FDA2006F2117 /* User Interfaces */ = {
			isa = PBXGroup;
			children = (
				B829566A1E331078006F2117 /* Main.storyboard */,
				B829566F1E331078006F2117 /* LaunchScreen.storyboard */,
			);
			name = "User Interfaces";
			sourceTree = "<group>";
		};
		B82956941E33FDC5006F2117 /* Resources */ = {
			isa = PBXGroup;
			children = (
				B829566D1E331078006F2117 /* Assets.xcassets */,
				B82956721E331078006F2117 /* Info.plist */,
			);
			name = Resources;
			sourceTree = "<group>";
		};
/* End PBXGroup section */

/* Begin PBXNativeTarget section */
		B82956621E331078006F2117 /* RKPrototyping */ = {
			isa = PBXNativeTarget;
			buildConfigurationList = B82956751E331078006F2117 /* Build configuration list for PBXNativeTarget "RKPrototyping" */;
			buildPhases = (
				B829565F1E331078006F2117 /* Sources */,
				B82956601E331078006F2117 /* Frameworks */,
				B82956611E331078006F2117 /* Resources */,
			);
			buildRules = (
			);
			dependencies = (
			);
			name = RKPrototyping;
			productName = RKPrototyping;
			productReference = B82956631E331078006F2117 /* RKPrototyping.app */;
			productType = "com.apple.product-type.application";
		};
/* End PBXNativeTarget section */

/* Begin PBXProject section */
		B829565B1E331078006F2117 /* Project object */ = {
			isa = PBXProject;
			attributes = {
				LastSwiftUpdateCheck = 0810;
				LastUpgradeCheck = 0810;
				ORGANIZATIONNAME = "Warmkessel, Justin";
				TargetAttributes = {
					B82956621E331078006F2117 = {
						CreatedOnToolsVersion = 8.1;
						DevelopmentTeam = 9J6N543K6L;
						ProvisioningStyle = Automatic;
					};
				};
			};
			buildConfigurationList = B829565E1E331078006F2117 /* Build configuration list for PBXProject "RKPrototyping" */;
			compatibilityVersion = "Xcode 3.2";
			developmentRegion = English;
			hasScannedForEncodings = 0;
			knownRegions = (
				en,
				Base,
			);
			mainGroup = B829565A1E331078006F2117;
			productRefGroup = B82956641E331078006F2117 /* Products */;
			projectDirPath = "";
			projectReferences = (
				{
					ProductGroup = B82956791E3310A8006F2117 /* Products */;
					ProjectRef = B82956781E3310A8006F2117 /* ResearchKit.xcodeproj */;
				},
			);
			projectRoot = "";
			targets = (
				B82956621E331078006F2117 /* RKPrototyping */,
			);
		};
/* End PBXProject section */

/* Begin PBXReferenceProxy section */
		B829567F1E3310A9006F2117 /* ResearchKit.framework */ = {
			isa = PBXReferenceProxy;
			fileType = wrapper.framework;
			path = ResearchKit.framework;
			remoteRef = B829567E1E3310A9006F2117 /* PBXContainerItemProxy */;
			sourceTree = BUILT_PRODUCTS_DIR;
		};
		B82956811E3310A9006F2117 /* ResearchKitTests.xctest */ = {
			isa = PBXReferenceProxy;
			fileType = wrapper.cfbundle;
			path = ResearchKitTests.xctest;
			remoteRef = B82956801E3310A9006F2117 /* PBXContainerItemProxy */;
			sourceTree = BUILT_PRODUCTS_DIR;
		};
/* End PBXReferenceProxy section */

/* Begin PBXResourcesBuildPhase section */
		B82956611E331078006F2117 /* Resources */ = {
			isa = PBXResourcesBuildPhase;
			buildActionMask = 2147483647;
			files = (
				B82956711E331078006F2117 /* LaunchScreen.storyboard in Resources */,
				B829566E1E331078006F2117 /* Assets.xcassets in Resources */,
				B829566C1E331078006F2117 /* Main.storyboard in Resources */,
			);
			runOnlyForDeploymentPostprocessing = 0;
		};
/* End PBXResourcesBuildPhase section */

/* Begin PBXSourcesBuildPhase section */
		B829565F1E331078006F2117 /* Sources */ = {
			isa = PBXSourcesBuildPhase;
			buildActionMask = 2147483647;
			files = (
				B829568F1E33FD4B006F2117 /* AAAwareBaseViewController.swift in Sources */,
				B82956671E331078006F2117 /* AppDelegate.swift in Sources */,
				B82956911E33FD4B006F2117 /* AAStressfulLifeExperiencesViewController.swift in Sources */,
				B82956921E33FD4B006F2117 /* AAYourBackgroundTaskViewController.swift in Sources */,
				B82956901E33FD4B006F2117 /* AASchoolingTaskViewController.swift in Sources */,
			);
			runOnlyForDeploymentPostprocessing = 0;
		};
/* End PBXSourcesBuildPhase section */

/* Begin PBXVariantGroup section */
		B829566A1E331078006F2117 /* Main.storyboard */ = {
			isa = PBXVariantGroup;
			children = (
				B829566B1E331078006F2117 /* Base */,
			);
			name = Main.storyboard;
			sourceTree = "<group>";
		};
		B829566F1E331078006F2117 /* LaunchScreen.storyboard */ = {
			isa = PBXVariantGroup;
			children = (
				B82956701E331078006F2117 /* Base */,
			);
			name = LaunchScreen.storyboard;
			sourceTree = "<group>";
		};
/* End PBXVariantGroup section */

/* Begin XCBuildConfiguration section */
		B82956731E331078006F2117 /* Debug */ = {
			isa = XCBuildConfiguration;
			buildSettings = {
				ALWAYS_SEARCH_USER_PATHS = NO;
				CLANG_ANALYZER_NONNULL = YES;
				CLANG_CXX_LANGUAGE_STANDARD = "gnu++0x";
				CLANG_CXX_LIBRARY = "libc++";
				CLANG_ENABLE_MODULES = YES;
				CLANG_ENABLE_OBJC_ARC = YES;
				CLANG_WARN_BOOL_CONVERSION = YES;
				CLANG_WARN_CONSTANT_CONVERSION = YES;
				CLANG_WARN_DIRECT_OBJC_ISA_USAGE = YES_ERROR;
				CLANG_WARN_DOCUMENTATION_COMMENTS = YES;
				CLANG_WARN_EMPTY_BODY = YES;
				CLANG_WARN_ENUM_CONVERSION = YES;
				CLANG_WARN_INFINITE_RECURSION = YES;
				CLANG_WARN_INT_CONVERSION = YES;
				CLANG_WARN_OBJC_ROOT_CLASS = YES_ERROR;
				CLANG_WARN_SUSPICIOUS_MOVES = YES;
				CLANG_WARN_UNREACHABLE_CODE = YES;
				CLANG_WARN__DUPLICATE_METHOD_MATCH = YES;
				"CODE_SIGN_IDENTITY[sdk=iphoneos*]" = "iPhone Developer";
				COPY_PHASE_STRIP = NO;
				DEBUG_INFORMATION_FORMAT = dwarf;
				ENABLE_STRICT_OBJC_MSGSEND = YES;
				ENABLE_TESTABILITY = YES;
				GCC_C_LANGUAGE_STANDARD = gnu99;
				GCC_DYNAMIC_NO_PIC = NO;
				GCC_NO_COMMON_BLOCKS = YES;
				GCC_OPTIMIZATION_LEVEL = 0;
				GCC_PREPROCESSOR_DEFINITIONS = (
					"DEBUG=1",
					"$(inherited)",
				);
				GCC_WARN_64_TO_32_BIT_CONVERSION = YES;
				GCC_WARN_ABOUT_RETURN_TYPE = YES_ERROR;
				GCC_WARN_UNDECLARED_SELECTOR = YES;
				GCC_WARN_UNINITIALIZED_AUTOS = YES_AGGRESSIVE;
				GCC_WARN_UNUSED_FUNCTION = YES;
				GCC_WARN_UNUSED_VARIABLE = YES;
				IPHONEOS_DEPLOYMENT_TARGET = 10.1;
				MTL_ENABLE_DEBUG_INFO = YES;
				ONLY_ACTIVE_ARCH = YES;
				SDKROOT = iphoneos;
				SWIFT_ACTIVE_COMPILATION_CONDITIONS = DEBUG;
				SWIFT_OPTIMIZATION_LEVEL = "-Onone";
			};
			name = Debug;
		};
		B82956741E331078006F2117 /* Release */ = {
			isa = XCBuildConfiguration;
			buildSettings = {
				ALWAYS_SEARCH_USER_PATHS = NO;
				CLANG_ANALYZER_NONNULL = YES;
				CLANG_CXX_LANGUAGE_STANDARD = "gnu++0x";
				CLANG_CXX_LIBRARY = "libc++";
				CLANG_ENABLE_MODULES = YES;
				CLANG_ENABLE_OBJC_ARC = YES;
				CLANG_WARN_BOOL_CONVERSION = YES;
				CLANG_WARN_CONSTANT_CONVERSION = YES;
				CLANG_WARN_DIRECT_OBJC_ISA_USAGE = YES_ERROR;
				CLANG_WARN_DOCUMENTATION_COMMENTS = YES;
				CLANG_WARN_EMPTY_BODY = YES;
				CLANG_WARN_ENUM_CONVERSION = YES;
				CLANG_WARN_INFINITE_RECURSION = YES;
				CLANG_WARN_INT_CONVERSION = YES;
				CLANG_WARN_OBJC_ROOT_CLASS = YES_ERROR;
				CLANG_WARN_SUSPICIOUS_MOVES = YES;
				CLANG_WARN_UNREACHABLE_CODE = YES;
				CLANG_WARN__DUPLICATE_METHOD_MATCH = YES;
				"CODE_SIGN_IDENTITY[sdk=iphoneos*]" = "iPhone Developer";
				COPY_PHASE_STRIP = NO;
				DEBUG_INFORMATION_FORMAT = "dwarf-with-dsym";
				ENABLE_NS_ASSERTIONS = NO;
				ENABLE_STRICT_OBJC_MSGSEND = YES;
				GCC_C_LANGUAGE_STANDARD = gnu99;
				GCC_NO_COMMON_BLOCKS = YES;
				GCC_WARN_64_TO_32_BIT_CONVERSION = YES;
				GCC_WARN_ABOUT_RETURN_TYPE = YES_ERROR;
				GCC_WARN_UNDECLARED_SELECTOR = YES;
				GCC_WARN_UNINITIALIZED_AUTOS = YES_AGGRESSIVE;
				GCC_WARN_UNUSED_FUNCTION = YES;
				GCC_WARN_UNUSED_VARIABLE = YES;
				IPHONEOS_DEPLOYMENT_TARGET = 10.1;
				MTL_ENABLE_DEBUG_INFO = NO;
				SDKROOT = iphoneos;
				SWIFT_OPTIMIZATION_LEVEL = "-Owholemodule";
				VALIDATE_PRODUCT = YES;
			};
			name = Release;
		};
		B82956761E331078006F2117 /* Debug */ = {
			isa = XCBuildConfiguration;
			buildSettings = {
				ASSETCATALOG_COMPILER_APPICON_NAME = AppIcon;
				DEVELOPMENT_TEAM = 9J6N543K6L;
				INFOPLIST_FILE = RKPrototyping/Info.plist;
				LD_RUNPATH_SEARCH_PATHS = "$(inherited) @executable_path/Frameworks";
				PRODUCT_BUNDLE_IDENTIFIER = com.mythworthy.RKPrototyping;
				PRODUCT_NAME = "$(TARGET_NAME)";
				SWIFT_VERSION = 3.0;
			};
			name = Debug;
		};
		B82956771E331078006F2117 /* Release */ = {
			isa = XCBuildConfiguration;
			buildSettings = {
				ASSETCATALOG_COMPILER_APPICON_NAME = AppIcon;
				DEVELOPMENT_TEAM = 9J6N543K6L;
				INFOPLIST_FILE = RKPrototyping/Info.plist;
				LD_RUNPATH_SEARCH_PATHS = "$(inherited) @executable_path/Frameworks";
				PRODUCT_BUNDLE_IDENTIFIER = com.mythworthy.RKPrototyping;
				PRODUCT_NAME = "$(TARGET_NAME)";
				SWIFT_VERSION = 3.0;
			};
			name = Release;
		};
/* End XCBuildConfiguration section */

/* Begin XCConfigurationList section */
		B829565E1E331078006F2117 /* Build configuration list for PBXProject "RKPrototyping" */ = {
			isa = XCConfigurationList;
			buildConfigurations = (
				B82956731E331078006F2117 /* Debug */,
				B82956741E331078006F2117 /* Release */,
			);
			defaultConfigurationIsVisible = 0;
			defaultConfigurationName = Release;
		};
		B82956751E331078006F2117 /* Build configuration list for PBXNativeTarget "RKPrototyping" */ = {
			isa = XCConfigurationList;
			buildConfigurations = (
				B82956761E331078006F2117 /* Debug */,
				B82956771E331078006F2117 /* Release */,
			);
			defaultConfigurationIsVisible = 0;
			defaultConfigurationName = Release;
		};
/* End XCConfigurationList section */
	};
	rootObject = B829565B1E331078006F2117 /* Project object */;
}
